
Microsoft Visual Studio Solution File, Format Version 12.00
# Visual Studio Version 17
VisualStudioVersion = 17.8.34309.116
MinimumVisualStudioVersion = 10.0.40219.1
Project("{FAE04EC0-301F-11D3-BF4B-00C04F79EFBC}") = "NewSchoolDB", "NewSchoolDB\NewSchoolDB.csproj", "{135AF3C5-E202-41F3-8E57-21EC0758CF43}"
EndProject
Global
	GlobalSection(SolutionConfigurationPlatforms) = preSolution
		Debug|Any CPU = Debug|Any CPU
		Release|Any CPU = Release|Any CPU
	EndGlobalSection
	GlobalSection(ProjectConfigurationPlatforms) = postSolution
		{135AF3C5-E202-41F3-8E57-21EC0758CF43}.Debug|Any CPU.ActiveCfg = Debug|Any CPU
		{135AF3C5-E202-41F3-8E57-21EC0758CF43}.Debug|Any CPU.Build.0 = Debug|Any CPU
		{135AF3C5-E202-41F3-8E57-21EC0758CF43}.Release|Any CPU.ActiveCfg = Release|Any CPU
		{135AF3C5-E202-41F3-8E57-21EC0758CF43}.Release|Any CPU.Build.0 = Release|Any CPU
	EndGlobalSection
	GlobalSection(SolutionProperties) = preSolution
		HideSolutionNode = FALSE
	EndGlobalSection
	GlobalSection(ExtensibilityGlobals) = postSolution
		SolutionGuid = {C3E12145-5E80-42AA-8C66-9D15D26DBAD2}
	EndGlobalSection
EndGlobal
